
Microsoft Visual Studio Solution File, Format Version 12.00
# Visual Studio Version 17
VisualStudioVersion = 17.13.35818.85 d17.13
MinimumVisualStudioVersion = 10.0.40219.1
Project("{FAE04EC0-301F-11D3-BF4B-00C04F79EFBC}") = "client", "client.csproj", "{DE059FE1-5F01-4938-8B4E-920B0496D8FF}"
EndProject
Global
	GlobalSection(SolutionConfigurationPlatforms) = preSolution
		Debug|Any CPU = Debug|Any CPU
		Release|Any CPU = Release|Any CPU
	EndGlobalSection
	GlobalSection(ProjectConfigurationPlatforms) = postSolution
		{DE059FE1-5F01-4938-8B4E-920B0496D8FF}.Debug|Any CPU.ActiveCfg = Debug|Any CPU
		{DE059FE1-5F01-4938-8B4E-920B0496D8FF}.Debug|Any CPU.Build.0 = Debug|Any CPU
		{DE059FE1-5F01-4938-8B4E-920B0496D8FF}.Debug|Any CPU.Deploy.0 = Debug|Any CPU
		{DE059FE1-5F01-4938-8B4E-920B0496D8FF}.Release|Any CPU.ActiveCfg = Release|Any CPU
		{DE059FE1-5F01-4938-8B4E-920B0496D8FF}.Release|Any CPU.Build.0 = Release|Any CPU
		{DE059FE1-5F01-4938-8B4E-920B0496D8FF}.Release|Any CPU.Deploy.0 = Release|Any CPU
	EndGlobalSection
	GlobalSection(SolutionProperties) = preSolution
		HideSolutionNode = FALSE
	EndGlobalSection
	GlobalSection(ExtensibilityGlobals) = postSolution
		SolutionGuid = {78802209-35BA-4B8B-B54A-575E715B9675}
	EndGlobalSection
EndGlobal
